
Microsoft Visual Studio Solution File, Format Version 12.00
# Visual Studio Version 16
VisualStudioVersion = 16.0.30114.105
MinimumVisualStudioVersion = 10.0.40219.1
Project("{FAE04EC0-301F-11D3-BF4B-00C04F79EFBC}") = "Overlord.PicoEsb", "overlord.picoesb\Overlord.PicoEsb.csproj", "{52CB9098-6A33-4FEB-8F80-8C6D87916473}"
EndProject
Project("{FAE04EC0-301F-11D3-BF4B-00C04F79EFBC}") = "Overlord.PicoEsb.Test", "Overlord.Picoesb.Test\Overlord.PicoEsb.Test.csproj", "{148CBCCE-23A9-4592-81F6-02690FDCB977}"
EndProject
Global
	GlobalSection(SolutionConfigurationPlatforms) = preSolution
		Debug|Any CPU = Debug|Any CPU
		Release|Any CPU = Release|Any CPU
	EndGlobalSection
	GlobalSection(ProjectConfigurationPlatforms) = postSolution
		{52CB9098-6A33-4FEB-8F80-8C6D87916473}.Debug|Any CPU.ActiveCfg = Debug|Any CPU
		{52CB9098-6A33-4FEB-8F80-8C6D87916473}.Debug|Any CPU.Build.0 = Debug|Any CPU
		{52CB9098-6A33-4FEB-8F80-8C6D87916473}.Release|Any CPU.ActiveCfg = Release|Any CPU
		{52CB9098-6A33-4FEB-8F80-8C6D87916473}.Release|Any CPU.Build.0 = Release|Any CPU
		{148CBCCE-23A9-4592-81F6-02690FDCB977}.Debug|Any CPU.ActiveCfg = Debug|Any CPU
		{148CBCCE-23A9-4592-81F6-02690FDCB977}.Debug|Any CPU.Build.0 = Debug|Any CPU
		{148CBCCE-23A9-4592-81F6-02690FDCB977}.Release|Any CPU.ActiveCfg = Release|Any CPU
		{148CBCCE-23A9-4592-81F6-02690FDCB977}.Release|Any CPU.Build.0 = Release|Any CPU
	EndGlobalSection
	GlobalSection(SolutionProperties) = preSolution
		HideSolutionNode = FALSE
	EndGlobalSection
	GlobalSection(ExtensibilityGlobals) = postSolution
		SolutionGuid = {F388017F-667E-4260-A23C-564423AF4718}
	EndGlobalSection
EndGlobal
